
Microsoft Visual Studio Solution File, Format Version 12.00
# Visual Studio 15
VisualStudioVersion = 15.0.28010.2041
MinimumVisualStudioVersion = 10.0.40219.1
Project("{FAE04EC0-301F-11D3-BF4B-00C04F79EFBC}") = "HolidayAssistant", "HolidayAssistant\HolidayAssistant.csproj", "{71CE0F1E-D0D7-4AC9-85EB-BBF5674902D7}"
EndProject
Global
	GlobalSection(SolutionConfigurationPlatforms) = preSolution
		Debug|Any CPU = Debug|Any CPU
		Release|Any CPU = Release|Any CPU
	EndGlobalSection
	GlobalSection(ProjectConfigurationPlatforms) = postSolution
		{71CE0F1E-D0D7-4AC9-85EB-BBF5674902D7}.Debug|Any CPU.ActiveCfg = Debug|Any CPU
		{71CE0F1E-D0D7-4AC9-85EB-BBF5674902D7}.Debug|Any CPU.Build.0 = Debug|Any CPU
		{71CE0F1E-D0D7-4AC9-85EB-BBF5674902D7}.Release|Any CPU.ActiveCfg = Release|Any CPU
		{71CE0F1E-D0D7-4AC9-85EB-BBF5674902D7}.Release|Any CPU.Build.0 = Release|Any CPU
	EndGlobalSection
	GlobalSection(SolutionProperties) = preSolution
		HideSolutionNode = FALSE
	EndGlobalSection
	GlobalSection(ExtensibilityGlobals) = postSolution
		SolutionGuid = {812B7F14-4C44-4ADF-93AF-37294B01849D}
	EndGlobalSection
EndGlobal
